
Microsoft Visual Studio Solution File, Format Version 11.00
# Visual Studio 2010
# SharpDevelop 4.4
Project("{FD48973F-F585-4F70-812B-4D0503B36CE9}") = "Pg119FullName", "Pg119FullName\Pg119FullName.pyproj", "{40F8DC1E-7B0E-43EE-965F-D25CFDA4EBB9}"
EndProject
Global
	GlobalSection(SolutionConfigurationPlatforms) = preSolution
		Debug|Any CPU = Debug|Any CPU
		Release|Any CPU = Release|Any CPU
	EndGlobalSection
	GlobalSection(ProjectConfigurationPlatforms) = postSolution
		{40F8DC1E-7B0E-43EE-965F-D25CFDA4EBB9}.Debug|Any CPU.Build.0 = Debug|Any CPU
		{40F8DC1E-7B0E-43EE-965F-D25CFDA4EBB9}.Debug|Any CPU.ActiveCfg = Debug|Any CPU
		{40F8DC1E-7B0E-43EE-965F-D25CFDA4EBB9}.Release|Any CPU.Build.0 = Release|Any CPU
		{40F8DC1E-7B0E-43EE-965F-D25CFDA4EBB9}.Release|Any CPU.ActiveCfg = Release|Any CPU
	EndGlobalSection
EndGlobal
