
Microsoft Visual Studio Solution File, Format Version 11.00
# Visual Studio 2010
# SharpDevelop 4.4
Project("{FD48973F-F585-4F70-812B-4D0503B36CE9}") = "Prog122i", "Prog122i\Prog122i.pyproj", "{200BBDD8-A87A-42DA-A029-B312D74945B2}"
EndProject
Global
	GlobalSection(SolutionConfigurationPlatforms) = preSolution
		Debug|Any CPU = Debug|Any CPU
		Release|Any CPU = Release|Any CPU
	EndGlobalSection
	GlobalSection(ProjectConfigurationPlatforms) = postSolution
		{200BBDD8-A87A-42DA-A029-B312D74945B2}.Debug|Any CPU.Build.0 = Debug|Any CPU
		{200BBDD8-A87A-42DA-A029-B312D74945B2}.Debug|Any CPU.ActiveCfg = Debug|Any CPU
		{200BBDD8-A87A-42DA-A029-B312D74945B2}.Release|Any CPU.Build.0 = Release|Any CPU
		{200BBDD8-A87A-42DA-A029-B312D74945B2}.Release|Any CPU.ActiveCfg = Release|Any CPU
	EndGlobalSection
EndGlobal
