
Microsoft Visual Studio Solution File, Format Version 11.00
# Visual Studio 2010
# SharpDevelop 4.4
Project("{FD48973F-F585-4F70-812B-4D0503B36CE9}") = "Favorite club (sport FIXED)", "Favorite club (sport FIXED)\Favorite club (sport FIXED).pyproj", "{CE83F1FD-92EB-4851-A07E-3CA03A7A003B}"
EndProject
Global
	GlobalSection(SolutionConfigurationPlatforms) = preSolution
		Debug|Any CPU = Debug|Any CPU
		Release|Any CPU = Release|Any CPU
	EndGlobalSection
	GlobalSection(ProjectConfigurationPlatforms) = postSolution
		{CE83F1FD-92EB-4851-A07E-3CA03A7A003B}.Debug|Any CPU.Build.0 = Debug|Any CPU
		{CE83F1FD-92EB-4851-A07E-3CA03A7A003B}.Debug|Any CPU.ActiveCfg = Debug|Any CPU
		{CE83F1FD-92EB-4851-A07E-3CA03A7A003B}.Release|Any CPU.Build.0 = Release|Any CPU
		{CE83F1FD-92EB-4851-A07E-3CA03A7A003B}.Release|Any CPU.ActiveCfg = Release|Any CPU
	EndGlobalSection
EndGlobal
