
Microsoft Visual Studio Solution File, Format Version 11.00
# Visual Studio 2010
# SharpDevelop 4.4
Project("{FD48973F-F585-4F70-812B-4D0503B36CE9}") = "StringStuff", "StringStuff\StringStuff.pyproj", "{D49BAB7A-60BF-4CBB-AE64-5B3ABA1F949C}"
EndProject
Global
	GlobalSection(SolutionConfigurationPlatforms) = preSolution
		Debug|Any CPU = Debug|Any CPU
		Release|Any CPU = Release|Any CPU
	EndGlobalSection
	GlobalSection(ProjectConfigurationPlatforms) = postSolution
		{D49BAB7A-60BF-4CBB-AE64-5B3ABA1F949C}.Debug|Any CPU.Build.0 = Debug|Any CPU
		{D49BAB7A-60BF-4CBB-AE64-5B3ABA1F949C}.Debug|Any CPU.ActiveCfg = Debug|Any CPU
		{D49BAB7A-60BF-4CBB-AE64-5B3ABA1F949C}.Release|Any CPU.Build.0 = Release|Any CPU
		{D49BAB7A-60BF-4CBB-AE64-5B3ABA1F949C}.Release|Any CPU.ActiveCfg = Release|Any CPU
	EndGlobalSection
EndGlobal
