
Microsoft Visual Studio Solution File, Format Version 11.00
# Visual Studio 2010
# SharpDevelop 4.4
Project("{FD48973F-F585-4F70-812B-4D0503B36CE9}") = "Prog122h", "Prog122h\Prog122h.pyproj", "{A805733D-66C8-4513-9851-52CE2B65AB40}"
EndProject
Global
	GlobalSection(SolutionConfigurationPlatforms) = preSolution
		Debug|Any CPU = Debug|Any CPU
		Release|Any CPU = Release|Any CPU
	EndGlobalSection
	GlobalSection(ProjectConfigurationPlatforms) = postSolution
		{A805733D-66C8-4513-9851-52CE2B65AB40}.Debug|Any CPU.Build.0 = Debug|Any CPU
		{A805733D-66C8-4513-9851-52CE2B65AB40}.Debug|Any CPU.ActiveCfg = Debug|Any CPU
		{A805733D-66C8-4513-9851-52CE2B65AB40}.Release|Any CPU.Build.0 = Release|Any CPU
		{A805733D-66C8-4513-9851-52CE2B65AB40}.Release|Any CPU.ActiveCfg = Release|Any CPU
	EndGlobalSection
EndGlobal
