
Microsoft Visual Studio Solution File, Format Version 11.00
# Visual Studio 2010
# SharpDevelop 4.4
Project("{FD48973F-F585-4F70-812B-4D0503B36CE9}") = "Prog54b", "Prog54b\Prog54b.pyproj", "{A5F42F09-6F52-43EC-847E-4EF9A6FE2982}"
EndProject
Global
	GlobalSection(SolutionConfigurationPlatforms) = preSolution
		Debug|Any CPU = Debug|Any CPU
		Release|Any CPU = Release|Any CPU
	EndGlobalSection
	GlobalSection(ProjectConfigurationPlatforms) = postSolution
		{A5F42F09-6F52-43EC-847E-4EF9A6FE2982}.Debug|Any CPU.Build.0 = Debug|Any CPU
		{A5F42F09-6F52-43EC-847E-4EF9A6FE2982}.Debug|Any CPU.ActiveCfg = Debug|Any CPU
		{A5F42F09-6F52-43EC-847E-4EF9A6FE2982}.Release|Any CPU.Build.0 = Release|Any CPU
		{A5F42F09-6F52-43EC-847E-4EF9A6FE2982}.Release|Any CPU.ActiveCfg = Release|Any CPU
	EndGlobalSection
EndGlobal
