
Microsoft Visual Studio Solution File, Format Version 11.00
# Visual Studio 2010
# SharpDevelop 4.4
Project("{FD48973F-F585-4F70-812B-4D0503B36CE9}") = "Prog54aDict", "Prog54aDict\Prog54aDict.pyproj", "{3F0E5936-9C79-4EB2-B23D-0697A34EB153}"
EndProject
Global
	GlobalSection(SolutionConfigurationPlatforms) = preSolution
		Debug|Any CPU = Debug|Any CPU
		Release|Any CPU = Release|Any CPU
	EndGlobalSection
	GlobalSection(ProjectConfigurationPlatforms) = postSolution
		{3F0E5936-9C79-4EB2-B23D-0697A34EB153}.Debug|Any CPU.Build.0 = Debug|Any CPU
		{3F0E5936-9C79-4EB2-B23D-0697A34EB153}.Debug|Any CPU.ActiveCfg = Debug|Any CPU
		{3F0E5936-9C79-4EB2-B23D-0697A34EB153}.Release|Any CPU.Build.0 = Release|Any CPU
		{3F0E5936-9C79-4EB2-B23D-0697A34EB153}.Release|Any CPU.ActiveCfg = Release|Any CPU
	EndGlobalSection
EndGlobal
