
Microsoft Visual Studio Solution File, Format Version 11.00
# Visual Studio 2010
# SharpDevelop 4.4
Project("{FD48973F-F585-4F70-812B-4D0503B36CE9}") = "Labeling My Name (1 of 8)", "Labeling My Name (1 of 8)\Labeling My Name (1 of 8).pyproj", "{42B1AD45-6D76-45D7-8378-1766C263614E}"
EndProject
Global
	GlobalSection(SolutionConfigurationPlatforms) = preSolution
		Debug|Any CPU = Debug|Any CPU
		Release|Any CPU = Release|Any CPU
	EndGlobalSection
	GlobalSection(ProjectConfigurationPlatforms) = postSolution
		{42B1AD45-6D76-45D7-8378-1766C263614E}.Debug|Any CPU.Build.0 = Debug|Any CPU
		{42B1AD45-6D76-45D7-8378-1766C263614E}.Debug|Any CPU.ActiveCfg = Debug|Any CPU
		{42B1AD45-6D76-45D7-8378-1766C263614E}.Release|Any CPU.Build.0 = Release|Any CPU
		{42B1AD45-6D76-45D7-8378-1766C263614E}.Release|Any CPU.ActiveCfg = Release|Any CPU
	EndGlobalSection
EndGlobal
